
Microsoft Visual Studio Solution File, Format Version 12.00
# Visual Studio Version 17
VisualStudioVersion = 17.2.32630.192
MinimumVisualStudioVersion = 10.0.40219.1
Project("{9A19103F-16F7-4668-BE54-9A1E7A4F7556}") = "WebAPI", "WebAPI\WebAPI.csproj", "{C9DBE761-14AE-4E3C-9A9B-4B4BAF63A340}"
EndProject
Project("{9A19103F-16F7-4668-BE54-9A1E7A4F7556}") = "ClienteWebAPI", "ClienteWebAPI\ClienteWebAPI.csproj", "{5E3BE14F-8033-455E-9D91-67826160B6E2}"
EndProject
Global
	GlobalSection(SolutionConfigurationPlatforms) = preSolution
		Debug|Any CPU = Debug|Any CPU
		Release|Any CPU = Release|Any CPU
	EndGlobalSection
	GlobalSection(ProjectConfigurationPlatforms) = postSolution
		{C9DBE761-14AE-4E3C-9A9B-4B4BAF63A340}.Debug|Any CPU.ActiveCfg = Debug|Any CPU
		{C9DBE761-14AE-4E3C-9A9B-4B4BAF63A340}.Debug|Any CPU.Build.0 = Debug|Any CPU
		{C9DBE761-14AE-4E3C-9A9B-4B4BAF63A340}.Release|Any CPU.ActiveCfg = Release|Any CPU
		{C9DBE761-14AE-4E3C-9A9B-4B4BAF63A340}.Release|Any CPU.Build.0 = Release|Any CPU
		{5E3BE14F-8033-455E-9D91-67826160B6E2}.Debug|Any CPU.ActiveCfg = Debug|Any CPU
		{5E3BE14F-8033-455E-9D91-67826160B6E2}.Debug|Any CPU.Build.0 = Debug|Any CPU
		{5E3BE14F-8033-455E-9D91-67826160B6E2}.Release|Any CPU.ActiveCfg = Release|Any CPU
		{5E3BE14F-8033-455E-9D91-67826160B6E2}.Release|Any CPU.Build.0 = Release|Any CPU
	EndGlobalSection
	GlobalSection(SolutionProperties) = preSolution
		HideSolutionNode = FALSE
	EndGlobalSection
	GlobalSection(ExtensibilityGlobals) = postSolution
		SolutionGuid = {4D55DA3C-6D19-44D6-BDAC-29EF48829386}
	EndGlobalSection
EndGlobal
